// !$*UTF8*$!
{
	archiveVersion = 1;
	classes = {
	};
	objectVersion = 50;
	objects = {

/* Begin PBXBuildFile section */
		FC3B30FA231EE93E00FA66F0 /* AppDelegate.swift in Sources */ = {isa = PBXBuildFile; fileRef = FC3B30F9231EE93E00FA66F0 /* AppDelegate.swift */; };
		FC3B30FF231EE93E00FA66F0 /* Main.storyboard in Resources */ = {isa = PBXBuildFile; fileRef = FC3B30FD231EE93E00FA66F0 /* Main.storyboard */; };
		FC3B3101231EE94000FA66F0 /* Assets.xcassets in Resources */ = {isa = PBXBuildFile; fileRef = FC3B3100231EE94000FA66F0 /* Assets.xcassets */; };
		FC3B3104231EE94000FA66F0 /* LaunchScreen.storyboard in Resources */ = {isa = PBXBuildFile; fileRef = FC3B3102231EE94000FA66F0 /* LaunchScreen.storyboard */; };
		FC3B3112231EEBFA00FA66F0 /* Country.swift in Sources */ = {isa = PBXBuildFile; fileRef = FC3B3111231EEBFA00FA66F0 /* Country.swift */; };
		FC3B3114231EEC0F00FA66F0 /* FX.swift in Sources */ = {isa = PBXBuildFile; fileRef = FC3B3113231EEC0F00FA66F0 /* FX.swift */; };
		FC3B3117231EED2700FA66F0 /* countries.json in Resources */ = {isa = PBXBuildFile; fileRef = FC3B3116231EED2700FA66F0 /* countries.json */; };
		FC3B3119231EED3500FA66F0 /* exchangeRates.json in Resources */ = {isa = PBXBuildFile; fileRef = FC3B3118231EED3500FA66F0 /* exchangeRates.json */; };
		FC3B311B231EEFCB00FA66F0 /* CountryViewController.swift in Sources */ = {isa = PBXBuildFile; fileRef = FC3B311A231EEFCB00FA66F0 /* CountryViewController.swift */; };
		FC3B3120231EF13200FA66F0 /* CountryDetailViewController.swift in Sources */ = {isa = PBXBuildFile; fileRef = FC3B311F231EF13200FA66F0 /* CountryDetailViewController.swift */; };
		FC3B3122231EFD6F00FA66F0 /* CountryAPIClient.swift in Sources */ = {isa = PBXBuildFile; fileRef = FC3B3121231EFD6F00FA66F0 /* CountryAPIClient.swift */; };
/* End PBXBuildFile section */

/* Begin PBXFileReference section */
		FC3B30F6231EE93E00FA66F0 /* labConcurrency.app */ = {isa = PBXFileReference; explicitFileType = wrapper.application; includeInIndex = 0; path = labConcurrency.app; sourceTree = BUILT_PRODUCTS_DIR; };
		FC3B30F9231EE93E00FA66F0 /* AppDelegate.swift */ = {isa = PBXFileReference; lastKnownFileType = sourcecode.swift; path = AppDelegate.swift; sourceTree = "<group>"; };
		FC3B30FE231EE93E00FA66F0 /* Base */ = {isa = PBXFileReference; lastKnownFileType = file.storyboard; name = Base; path = Base.lproj/Main.storyboard; sourceTree = "<group>"; };
		FC3B3100231EE94000FA66F0 /* Assets.xcassets */ = {isa = PBXFileReference; lastKnownFileType = folder.assetcatalog; path = Assets.xcassets; sourceTree = "<group>"; };
		FC3B3103231EE94000FA66F0 /* Base */ = {isa = PBXFileReference; lastKnownFileType = file.storyboard; name = Base; path = Base.lproj/LaunchScreen.storyboard; sourceTree = "<group>"; };
		FC3B3105231EE94000FA66F0 /* Info.plist */ = {isa = PBXFileReference; lastKnownFileType = text.plist.xml; path = Info.plist; sourceTree = "<group>"; };
		FC3B3111231EEBFA00FA66F0 /* Country.swift */ = {isa = PBXFileReference; lastKnownFileType = sourcecode.swift; path = Country.swift; sourceTree = "<group>"; };
		FC3B3113231EEC0F00FA66F0 /* FX.swift */ = {isa = PBXFileReference; lastKnownFileType = sourcecode.swift; path = FX.swift; sourceTree = "<group>"; };
		FC3B3116231EED2700FA66F0 /* countries.json */ = {isa = PBXFileReference; fileEncoding = 4; lastKnownFileType = text.json; path = countries.json; sourceTree = "<group>"; };
		FC3B3118231EED3500FA66F0 /* exchangeRates.json */ = {isa = PBXFileReference; fileEncoding = 4; lastKnownFileType = text.json; path = exchangeRates.json; sourceTree = "<group>"; };
		FC3B311A231EEFCB00FA66F0 /* CountryViewController.swift */ = {isa = PBXFileReference; lastKnownFileType = sourcecode.swift; path = CountryViewController.swift; sourceTree = "<group>"; };
		FC3B311F231EF13200FA66F0 /* CountryDetailViewController.swift */ = {isa = PBXFileReference; lastKnownFileType = sourcecode.swift; path = CountryDetailViewController.swift; sourceTree = "<group>"; };
		FC3B3121231EFD6F00FA66F0 /* CountryAPIClient.swift */ = {isa = PBXFileReference; lastKnownFileType = sourcecode.swift; path = CountryAPIClient.swift; sourceTree = "<group>"; };
/* End PBXFileReference section */

/* Begin PBXFrameworksBuildPhase section */
		FC3B30F3231EE93E00FA66F0 /* Frameworks */ = {
			isa = PBXFrameworksBuildPhase;
			buildActionMask = 2147483647;
			files = (
			);
			runOnlyForDeploymentPostprocessing = 0;
		};
/* End PBXFrameworksBuildPhase section */

/* Begin PBXGroup section */
		FC3B30ED231EE93E00FA66F0 = {
			isa = PBXGroup;
			children = (
				FC3B30F8231EE93E00FA66F0 /* labConcurrency */,
				FC3B30F7231EE93E00FA66F0 /* Products */,
			);
			sourceTree = "<group>";
		};
		FC3B30F7231EE93E00FA66F0 /* Products */ = {
			isa = PBXGroup;
			children = (
				FC3B30F6231EE93E00FA66F0 /* labConcurrency.app */,
			);
			name = Products;
			sourceTree = "<group>";
		};
		FC3B30F8231EE93E00FA66F0 /* labConcurrency */ = {
			isa = PBXGroup;
			children = (
				FC3B3115231EEC1600FA66F0 /* Models */,
				FC3B3110231EEB9100FA66F0 /* json */,
				FC3B311E231EEFE100FA66F0 /* View Controllers */,
				FC3B30FD231EE93E00FA66F0 /* Main.storyboard */,
				FC3B30F9231EE93E00FA66F0 /* AppDelegate.swift */,
				FC3B3100231EE94000FA66F0 /* Assets.xcassets */,
				FC3B3102231EE94000FA66F0 /* LaunchScreen.storyboard */,
				FC3B3105231EE94000FA66F0 /* Info.plist */,
			);
			path = labConcurrency;
			sourceTree = "<group>";
		};
		FC3B3110231EEB9100FA66F0 /* json */ = {
			isa = PBXGroup;
			children = (
				FC3B3116231EED2700FA66F0 /* countries.json */,
				FC3B3118231EED3500FA66F0 /* exchangeRates.json */,
			);
			path = json;
			sourceTree = "<group>";
		};
		FC3B3115231EEC1600FA66F0 /* Models */ = {
			isa = PBXGroup;
			children = (
				FC3B3111231EEBFA00FA66F0 /* Country.swift */,
				FC3B3121231EFD6F00FA66F0 /* CountryAPIClient.swift */,
				FC3B3113231EEC0F00FA66F0 /* FX.swift */,
			);
			path = Models;
			sourceTree = "<group>";
		};
		FC3B311E231EEFE100FA66F0 /* View Controllers */ = {
			isa = PBXGroup;
			children = (
				FC3B311A231EEFCB00FA66F0 /* CountryViewController.swift */,
				FC3B311F231EF13200FA66F0 /* CountryDetailViewController.swift */,
			);
			path = "View Controllers";
			sourceTree = "<group>";
		};
/* End PBXGroup section */

/* Begin PBXNativeTarget section */
		FC3B30F5231EE93E00FA66F0 /* labConcurrency */ = {
			isa = PBXNativeTarget;
			buildConfigurationList = FC3B3108231EE94000FA66F0 /* Build configuration list for PBXNativeTarget "labConcurrency" */;
			buildPhases = (
				FC3B30F2231EE93E00FA66F0 /* Sources */,
				FC3B30F3231EE93E00FA66F0 /* Frameworks */,
				FC3B30F4231EE93E00FA66F0 /* Resources */,
			);
			buildRules = (
			);
			dependencies = (
			);
			name = labConcurrency;
			productName = labConcurrency;
			productReference = FC3B30F6231EE93E00FA66F0 /* labConcurrency.app */;
			productType = "com.apple.product-type.application";
		};
/* End PBXNativeTarget section */

/* Begin PBXProject section */
		FC3B30EE231EE93E00FA66F0 /* Project object */ = {
			isa = PBXProject;
			attributes = {
				LastSwiftUpdateCheck = 1030;
				LastUpgradeCheck = 1030;
				ORGANIZATIONNAME = "Levi Davis";
				TargetAttributes = {
					FC3B30F5231EE93E00FA66F0 = {
						CreatedOnToolsVersion = 10.3;
					};
				};
			};
			buildConfigurationList = FC3B30F1231EE93E00FA66F0 /* Build configuration list for PBXProject "labConcurrency" */;
			compatibilityVersion = "Xcode 9.3";
			developmentRegion = en;
			hasScannedForEncodings = 0;
			knownRegions = (
				en,
				Base,
			);
			mainGroup = FC3B30ED231EE93E00FA66F0;
			productRefGroup = FC3B30F7231EE93E00FA66F0 /* Products */;
			projectDirPath = "";
			projectRoot = "";
			targets = (
				FC3B30F5231EE93E00FA66F0 /* labConcurrency */,
			);
		};
/* End PBXProject section */

/* Begin PBXResourcesBuildPhase section */
		FC3B30F4231EE93E00FA66F0 /* Resources */ = {
			isa = PBXResourcesBuildPhase;
			buildActionMask = 2147483647;
			files = (
				FC3B3119231EED3500FA66F0 /* exchangeRates.json in Resources */,
				FC3B3104231EE94000FA66F0 /* LaunchScreen.storyboard in Resources */,
				FC3B3101231EE94000FA66F0 /* Assets.xcassets in Resources */,
				FC3B3117231EED2700FA66F0 /* countries.json in Resources */,
				FC3B30FF231EE93E00FA66F0 /* Main.storyboard in Resources */,
			);
			runOnlyForDeploymentPostprocessing = 0;
		};
/* End PBXResourcesBuildPhase section */

/* Begin PBXSourcesBuildPhase section */
		FC3B30F2231EE93E00FA66F0 /* Sources */ = {
			isa = PBXSourcesBuildPhase;
			buildActionMask = 2147483647;
			files = (
				FC3B3114231EEC0F00FA66F0 /* FX.swift in Sources */,
				FC3B311B231EEFCB00FA66F0 /* CountryViewController.swift in Sources */,
				FC3B3122231EFD6F00FA66F0 /* CountryAPIClient.swift in Sources */,
				FC3B3112231EEBFA00FA66F0 /* Country.swift in Sources */,
				FC3B3120231EF13200FA66F0 /* CountryDetailViewController.swift in Sources */,
				FC3B30FA231EE93E00FA66F0 /* AppDelegate.swift in Sources */,
			);
			runOnlyForDeploymentPostprocessing = 0;
		};
/* End PBXSourcesBuildPhase section */

/* Begin PBXVariantGroup section */
		FC3B30FD231EE93E00FA66F0 /* Main.storyboard */ = {
			isa = PBXVariantGroup;
			children = (
				FC3B30FE231EE93E00FA66F0 /* Base */,
			);
			name = Main.storyboard;
			sourceTree = "<group>";
		};
		FC3B3102231EE94000FA66F0 /* LaunchScreen.storyboard */ = {
			isa = PBXVariantGroup;
			children = (
				FC3B3103231EE94000FA66F0 /* Base */,
			);
			name = LaunchScreen.storyboard;
			sourceTree = "<group>";
		};
/* End PBXVariantGroup section */

/* Begin XCBuildConfiguration section */
		FC3B3106231EE94000FA66F0 /* Debug */ = {
			isa = XCBuildConfiguration;
			buildSettings = {
				ALWAYS_SEARCH_USER_PATHS = NO;
				CLANG_ANALYZER_NONNULL = YES;
				CLANG_ANALYZER_NUMBER_OBJECT_CONVERSION = YES_AGGRESSIVE;
				CLANG_CXX_LANGUAGE_STANDARD = "gnu++14";
				CLANG_CXX_LIBRARY = "libc++";
				CLANG_ENABLE_MODULES = YES;
				CLANG_ENABLE_OBJC_ARC = YES;
				CLANG_ENABLE_OBJC_WEAK = YES;
				CLANG_WARN_BLOCK_CAPTURE_AUTORELEASING = YES;
				CLANG_WARN_BOOL_CONVERSION = YES;
				CLANG_WARN_COMMA = YES;
				CLANG_WARN_CONSTANT_CONVERSION = YES;
				CLANG_WARN_DEPRECATED_OBJC_IMPLEMENTATIONS = YES;
				CLANG_WARN_DIRECT_OBJC_ISA_USAGE = YES_ERROR;
				CLANG_WARN_DOCUMENTATION_COMMENTS = YES;
				CLANG_WARN_EMPTY_BODY = YES;
				CLANG_WARN_ENUM_CONVERSION = YES;
				CLANG_WARN_INFINITE_RECURSION = YES;
				CLANG_WARN_INT_CONVERSION = YES;
				CLANG_WARN_NON_LITERAL_NULL_CONVERSION = YES;
				CLANG_WARN_OBJC_IMPLICIT_RETAIN_SELF = YES;
				CLANG_WARN_OBJC_LITERAL_CONVERSION = YES;
				CLANG_WARN_OBJC_ROOT_CLASS = YES_ERROR;
				CLANG_WARN_RANGE_LOOP_ANALYSIS = YES;
				CLANG_WARN_STRICT_PROTOTYPES = YES;
				CLANG_WARN_SUSPICIOUS_MOVE = YES;
				CLANG_WARN_UNGUARDED_AVAILABILITY = YES_AGGRESSIVE;
				CLANG_WARN_UNREACHABLE_CODE = YES;
				CLANG_WARN__DUPLICATE_METHOD_MATCH = YES;
				CODE_SIGN_IDENTITY = "iPhone Developer";
				COPY_PHASE_STRIP = NO;
				DEBUG_INFORMATION_FORMAT = dwarf;
				ENABLE_STRICT_OBJC_MSGSEND = YES;
				ENABLE_TESTABILITY = YES;
				GCC_C_LANGUAGE_STANDARD = gnu11;
				GCC_DYNAMIC_NO_PIC = NO;
				GCC_NO_COMMON_BLOCKS = YES;
				GCC_OPTIMIZATION_LEVEL = 0;
				GCC_PREPROCESSOR_DEFINITIONS = (
					"DEBUG=1",
					"$(inherited)",
				);
				GCC_WARN_64_TO_32_BIT_CONVERSION = YES;
				GCC_WARN_ABOUT_RETURN_TYPE = YES_ERROR;
				GCC_WARN_UNDECLARED_SELECTOR = YES;
				GCC_WARN_UNINITIALIZED_AUTOS = YES_AGGRESSIVE;
				GCC_WARN_UNUSED_FUNCTION = YES;
				GCC_WARN_UNUSED_VARIABLE = YES;
				IPHONEOS_DEPLOYMENT_TARGET = 12.4;
				MTL_ENABLE_DEBUG_INFO = INCLUDE_SOURCE;
				MTL_FAST_MATH = YES;
				ONLY_ACTIVE_ARCH = YES;
				SDKROOT = iphoneos;
				SWIFT_ACTIVE_COMPILATION_CONDITIONS = DEBUG;
				SWIFT_OPTIMIZATION_LEVEL = "-Onone";
			};
			name = Debug;
		};
		FC3B3107231EE94000FA66F0 /* Release */ = {
			isa = XCBuildConfiguration;
			buildSettings = {
				ALWAYS_SEARCH_USER_PATHS = NO;
				CLANG_ANALYZER_NONNULL = YES;
				CLANG_ANALYZER_NUMBER_OBJECT_CONVERSION = YES_AGGRESSIVE;
				CLANG_CXX_LANGUAGE_STANDARD = "gnu++14";
				CLANG_CXX_LIBRARY = "libc++";
				CLANG_ENABLE_MODULES = YES;
				CLANG_ENABLE_OBJC_ARC = YES;
				CLANG_ENABLE_OBJC_WEAK = YES;
				CLANG_WARN_BLOCK_CAPTURE_AUTORELEASING = YES;
				CLANG_WARN_BOOL_CONVERSION = YES;
				CLANG_WARN_COMMA = YES;
				CLANG_WARN_CONSTANT_CONVERSION = YES;
				CLANG_WARN_DEPRECATED_OBJC_IMPLEMENTATIONS = YES;
				CLANG_WARN_DIRECT_OBJC_ISA_USAGE = YES_ERROR;
				CLANG_WARN_DOCUMENTATION_COMMENTS = YES;
				CLANG_WARN_EMPTY_BODY = YES;
				CLANG_WARN_ENUM_CONVERSION = YES;
				CLANG_WARN_INFINITE_RECURSION = YES;
				CLANG_WARN_INT_CONVERSION = YES;
				CLANG_WARN_NON_LITERAL_NULL_CONVERSION = YES;
				CLANG_WARN_OBJC_IMPLICIT_RETAIN_SELF = YES;
				CLANG_WARN_OBJC_LITERAL_CONVERSION = YES;
				CLANG_WARN_OBJC_ROOT_CLASS = YES_ERROR;
				CLANG_WARN_RANGE_LOOP_ANALYSIS = YES;
				CLANG_WARN_STRICT_PROTOTYPES = YES;
				CLANG_WARN_SUSPICIOUS_MOVE = YES;
				CLANG_WARN_UNGUARDED_AVAILABILITY = YES_AGGRESSIVE;
				CLANG_WARN_UNREACHABLE_CODE = YES;
				CLANG_WARN__DUPLICATE_METHOD_MATCH = YES;
				CODE_SIGN_IDENTITY = "iPhone Developer";
				COPY_PHASE_STRIP = NO;
				DEBUG_INFORMATION_FORMAT = "dwarf-with-dsym";
				ENABLE_NS_ASSERTIONS = NO;
				ENABLE_STRICT_OBJC_MSGSEND = YES;
				GCC_C_LANGUAGE_STANDARD = gnu11;
				GCC_NO_COMMON_BLOCKS = YES;
				GCC_WARN_64_TO_32_BIT_CONVERSION = YES;
				GCC_WARN_ABOUT_RETURN_TYPE = YES_ERROR;
				GCC_WARN_UNDECLARED_SELECTOR = YES;
				GCC_WARN_UNINITIALIZED_AUTOS = YES_AGGRESSIVE;
				GCC_WARN_UNUSED_FUNCTION = YES;
				GCC_WARN_UNUSED_VARIABLE = YES;
				IPHONEOS_DEPLOYMENT_TARGET = 12.4;
				MTL_ENABLE_DEBUG_INFO = NO;
				MTL_FAST_MATH = YES;
				SDKROOT = iphoneos;
				SWIFT_COMPILATION_MODE = wholemodule;
				SWIFT_OPTIMIZATION_LEVEL = "-O";
				VALIDATE_PRODUCT = YES;
			};
			name = Release;
		};
		FC3B3109231EE94000FA66F0 /* Debug */ = {
			isa = XCBuildConfiguration;
			buildSettings = {
				ASSETCATALOG_COMPILER_APPICON_NAME = AppIcon;
				CODE_SIGN_STYLE = Automatic;
				INFOPLIST_FILE = labConcurrency/Info.plist;
				LD_RUNPATH_SEARCH_PATHS = (
					"$(inherited)",
					"@executable_path/Frameworks",
				);
				PRODUCT_BUNDLE_IDENTIFIER = "com-example.labConcurrency";
				PRODUCT_NAME = "$(TARGET_NAME)";
				SWIFT_VERSION = 5.0;
				TARGETED_DEVICE_FAMILY = "1,2";
			};
			name = Debug;
		};
		FC3B310A231EE94000FA66F0 /* Release */ = {
			isa = XCBuildConfiguration;
			buildSettings = {
				ASSETCATALOG_COMPILER_APPICON_NAME = AppIcon;
				CODE_SIGN_STYLE = Automatic;
				INFOPLIST_FILE = labConcurrency/Info.plist;
				LD_RUNPATH_SEARCH_PATHS = (
					"$(inherited)",
					"@executable_path/Frameworks",
				);
				PRODUCT_BUNDLE_IDENTIFIER = "com-example.labConcurrency";
				PRODUCT_NAME = "$(TARGET_NAME)";
				SWIFT_VERSION = 5.0;
				TARGETED_DEVICE_FAMILY = "1,2";
			};
			name = Release;
		};
/* End XCBuildConfiguration section */

/* Begin XCConfigurationList section */
		FC3B30F1231EE93E00FA66F0 /* Build configuration list for PBXProject "labConcurrency" */ = {
			isa = XCConfigurationList;
			buildConfigurations = (
				FC3B3106231EE94000FA66F0 /* Debug */,
				FC3B3107231EE94000FA66F0 /* Release */,
			);
			defaultConfigurationIsVisible = 0;
			defaultConfigurationName = Release;
		};
		FC3B3108231EE94000FA66F0 /* Build configuration list for PBXNativeTarget "labConcurrency" */ = {
			isa = XCConfigurationList;
			buildConfigurations = (
				FC3B3109231EE94000FA66F0 /* Debug */,
				FC3B310A231EE94000FA66F0 /* Release */,
			);
			defaultConfigurationIsVisible = 0;
			defaultConfigurationName = Release;
		};
/* End XCConfigurationList section */
	};
	rootObject = FC3B30EE231EE93E00FA66F0 /* Project object */;
}
